
Microsoft Visual Studio Solution File, Format Version 12.00
# Visual Studio Version 16
VisualStudioVersion = 16.0.29613.14
MinimumVisualStudioVersion = 10.0.40219.1
Project("{FAE04EC0-301F-11D3-BF4B-00C04F79EFBC}") = "VueWebForms", "VueWebForms\VueWebForms.csproj", "{20AE9738-DE69-4461-8D12-B057D22224E8}"
EndProject
Global
	GlobalSection(SolutionConfigurationPlatforms) = preSolution
		Debug|Any CPU = Debug|Any CPU
		Release|Any CPU = Release|Any CPU
	EndGlobalSection
	GlobalSection(ProjectConfigurationPlatforms) = postSolution
		{20AE9738-DE69-4461-8D12-B057D22224E8}.Debug|Any CPU.ActiveCfg = Debug|Any CPU
		{20AE9738-DE69-4461-8D12-B057D22224E8}.Debug|Any CPU.Build.0 = Debug|Any CPU
		{20AE9738-DE69-4461-8D12-B057D22224E8}.Release|Any CPU.ActiveCfg = Release|Any CPU
		{20AE9738-DE69-4461-8D12-B057D22224E8}.Release|Any CPU.Build.0 = Release|Any CPU
	EndGlobalSection
	GlobalSection(SolutionProperties) = preSolution
		HideSolutionNode = FALSE
	EndGlobalSection
	GlobalSection(ExtensibilityGlobals) = postSolution
		SolutionGuid = {1FFD52B2-8BA3-4890-BBDB-1362A0EB3C7C}
	EndGlobalSection
EndGlobal
